<?xml version="1.0" encoding="utf-8"?>
<Project ToolsVersion="4.0" xmlns="http://schemas.microsoft.com/developer/msbuild/2003">
  <ItemGroup>
    <Filter Include="Source Files">
      <UniqueIdentifier>{4FC737F1-C7A5-4376-A066-2A32D752A2FF}</UniqueIdentifier>
      <Extensions>cpp;c;cc;cxx;def;odl;idl;hpj;bat;asm;asmx</Extensions>
    </Filter>
    <Filter Include="Header Files">
      <UniqueIdentifier>{93995380-89BD-4b04-88EB-625FBE52EBFB}</UniqueIdentifier>
      <Extensions>h;hpp;hxx;hm;inl;inc;xsd</Extensions>
    </Filter>
    <Filter Include="Resource Files">
      <UniqueIdentifier>{67DA6AB6-F800-4c08-8B7A-83BB121AAD01}</UniqueIdentifier>
      <Extensions>rc;ico;cur;bmp;dlg;rc2;rct;bin;rgs;gif;jpg;jpeg;jpe;resx;tiff;tif;png;wav;mfcribbon-ms</Extensions>
    </Filter>
  </ItemGroup>
  <ItemGroup>
    <ClInclude Include="Stdafx.h">
      <Filter>Header Files</Filter>
    </ClInclude>
    <ClInclude Include="Spec_m.h">
      <Filter>Header Files</Filter>
    </ClInclude>
    <ClInclude Include="ClientApi_m.h">
      <Filter>Header Files</Filter>
    </ClInclude>
    <ClInclude Include="ClientUser_m.h">
      <Filter>Header Files</Filter>
    </ClInclude>
    <ClInclude Include="ClientUserDelegate.h">
      <Filter>Header Files</Filter>
    </ClInclude>
    <ClInclude Include="DiffEngine.h">
      <Filter>Header Files</Filter>
    </ClInclude>
    <ClInclude Include="error_m.h">
      <Filter>Header Files</Filter>
    </ClInclude>
    <ClInclude Include="KeepAlive_m.h">
      <Filter>Header Files</Filter>
    </ClInclude>
    <ClInclude Include="mergedata_m.h">
      <Filter>Header Files</Filter>
    </ClInclude>
    <ClInclude Include="NoEcho_m.h">
      <Filter>Header Files</Filter>
    </ClInclude>
    <ClInclude Include="Options_m.h">
      <Filter>Header Files</Filter>
    </ClInclude>
    <ClInclude Include="P4MapMaker.h">
      <Filter>Header Files</Filter>
    </ClInclude>
    <ClInclude Include="p4string.h">
      <Filter>Header Files</Filter>
    </ClInclude>
  </ItemGroup>
  <ItemGroup>
    <ClCompile Include="AssemblyInfo.cpp">
      <Filter>Source Files</Filter>
    </ClCompile>
    <ClCompile Include="Stdafx.cpp">
      <Filter>Source Files</Filter>
    </ClCompile>
    <ClCompile Include="ClientApi_m.cpp">
      <Filter>Source Files</Filter>
    </ClCompile>
    <ClCompile Include="ClientUser_m.cpp">
      <Filter>Source Files</Filter>
    </ClCompile>
    <ClCompile Include="ClientUserDelegate.cpp">
      <Filter>Source Files</Filter>
    </ClCompile>
    <ClCompile Include="DiffEngine.cpp">
      <Filter>Source Files</Filter>
    </ClCompile>
    <ClCompile Include="Error_m.cpp">
      <Filter>Source Files</Filter>
    </ClCompile>
    <ClCompile Include="MergeData_m.cpp">
      <Filter>Source Files</Filter>
    </ClCompile>
    <ClCompile Include="NoEcho_m.cpp">
      <Filter>Source Files</Filter>
    </ClCompile>
    <ClCompile Include="Options_m.cpp">
      <Filter>Source Files</Filter>
    </ClCompile>
    <ClCompile Include="P4MapMaker.cpp">
      <Filter>Source Files</Filter>
    </ClCompile>
    <ClCompile Include="P4String.cpp">
      <Filter>Source Files</Filter>
    </ClCompile>
    <ClCompile Include="Spec_m.cpp">
      <Filter>Source Files</Filter>
    </ClCompile>
  </ItemGroup>
</Project>